// !$*UTF8*$!
{
	archiveVersion = 1;
	classes = {
	};
	objectVersion = 46;
	objects = {

/* Begin PBXBuildFile section */
		5C0081091B8517C400C2AB6B /* AppDelegate.swift in Sources */ = {isa = PBXBuildFile; fileRef = 5C0081081B8517C400C2AB6B /* AppDelegate.swift */; };
		5C00810B1B8517C400C2AB6B /* MemeEditorViewController.swift in Sources */ = {isa = PBXBuildFile; fileRef = 5C00810A1B8517C400C2AB6B /* MemeEditorViewController.swift */; };
		5C00810E1B8517C400C2AB6B /* Main.storyboard in Resources */ = {isa = PBXBuildFile; fileRef = 5C00810C1B8517C400C2AB6B /* Main.storyboard */; };
		5C0081101B8517C400C2AB6B /* Images.xcassets in Resources */ = {isa = PBXBuildFile; fileRef = 5C00810F1B8517C400C2AB6B /* Images.xcassets */; };
		5C0081131B8517C400C2AB6B /* LaunchScreen.xib in Resources */ = {isa = PBXBuildFile; fileRef = 5C0081111B8517C400C2AB6B /* LaunchScreen.xib */; };
		5C00811F1B8517C400C2AB6B /* MemeMeTests.swift in Sources */ = {isa = PBXBuildFile; fileRef = 5C00811E1B8517C400C2AB6B /* MemeMeTests.swift */; };
		5C0AF5981BD084EC00AC8ECE /* MemeTableViewController.swift in Sources */ = {isa = PBXBuildFile; fileRef = 5C0AF5971BD084EC00AC8ECE /* MemeTableViewController.swift */; settings = {ASSET_TAGS = (); }; };
		5C0AF59A1BD08C2100AC8ECE /* MemeViewController.swift in Sources */ = {isa = PBXBuildFile; fileRef = 5C0AF5991BD08C2100AC8ECE /* MemeViewController.swift */; settings = {ASSET_TAGS = (); }; };
		5C0AF59C1BD08C4000AC8ECE /* MemeCollectionViewController.swift in Sources */ = {isa = PBXBuildFile; fileRef = 5C0AF59B1BD08C4000AC8ECE /* MemeCollectionViewController.swift */; settings = {ASSET_TAGS = (); }; };
		5C0AF5A01BD1B3B200AC8ECE /* MemeCollectionViewCell.swift in Sources */ = {isa = PBXBuildFile; fileRef = 5C0AF59F1BD1B3B200AC8ECE /* MemeCollectionViewCell.swift */; settings = {ASSET_TAGS = (); }; };
		5CB15C511B85A19F001B2795 /* Meme.swift in Sources */ = {isa = PBXBuildFile; fileRef = 5CB15C501B85A19F001B2795 /* Meme.swift */; };
/* End PBXBuildFile section */

/* Begin PBXContainerItemProxy section */
		5C0081191B8517C400C2AB6B /* PBXContainerItemProxy */ = {
			isa = PBXContainerItemProxy;
			containerPortal = 5C0080FB1B8517C400C2AB6B /* Project object */;
			proxyType = 1;
			remoteGlobalIDString = 5C0081021B8517C400C2AB6B;
			remoteInfo = MemeMe;
		};
/* End PBXContainerItemProxy section */

/* Begin PBXFileReference section */
		5C0081031B8517C400C2AB6B /* MemeMe.app */ = {isa = PBXFileReference; explicitFileType = wrapper.application; includeInIndex = 0; path = MemeMe.app; sourceTree = BUILT_PRODUCTS_DIR; };
		5C0081071B8517C400C2AB6B /* Info.plist */ = {isa = PBXFileReference; lastKnownFileType = text.plist.xml; path = Info.plist; sourceTree = "<group>"; };
		5C0081081B8517C400C2AB6B /* AppDelegate.swift */ = {isa = PBXFileReference; lastKnownFileType = sourcecode.swift; path = AppDelegate.swift; sourceTree = "<group>"; };
		5C00810A1B8517C400C2AB6B /* MemeEditorViewController.swift */ = {isa = PBXFileReference; lastKnownFileType = sourcecode.swift; path = MemeEditorViewController.swift; sourceTree = "<group>"; };
		5C00810D1B8517C400C2AB6B /* Base */ = {isa = PBXFileReference; lastKnownFileType = file.storyboard; name = Base; path = Base.lproj/Main.storyboard; sourceTree = "<group>"; };
		5C00810F1B8517C400C2AB6B /* Images.xcassets */ = {isa = PBXFileReference; lastKnownFileType = folder.assetcatalog; path = Images.xcassets; sourceTree = "<group>"; };
		5C0081121B8517C400C2AB6B /* Base */ = {isa = PBXFileReference; lastKnownFileType = file.xib; name = Base; path = Base.lproj/LaunchScreen.xib; sourceTree = "<group>"; };
		5C0081181B8517C400C2AB6B /* MemeMeTests.xctest */ = {isa = PBXFileReference; explicitFileType = wrapper.cfbundle; includeInIndex = 0; path = MemeMeTests.xctest; sourceTree = BUILT_PRODUCTS_DIR; };
		5C00811D1B8517C400C2AB6B /* Info.plist */ = {isa = PBXFileReference; lastKnownFileType = text.plist.xml; path = Info.plist; sourceTree = "<group>"; };
		5C00811E1B8517C400C2AB6B /* MemeMeTests.swift */ = {isa = PBXFileReference; lastKnownFileType = sourcecode.swift; path = MemeMeTests.swift; sourceTree = "<group>"; };
		5C0AF5971BD084EC00AC8ECE /* MemeTableViewController.swift */ = {isa = PBXFileReference; fileEncoding = 4; lastKnownFileType = sourcecode.swift; path = MemeTableViewController.swift; sourceTree = "<group>"; };
		5C0AF5991BD08C2100AC8ECE /* MemeViewController.swift */ = {isa = PBXFileReference; fileEncoding = 4; lastKnownFileType = sourcecode.swift; path = MemeViewController.swift; sourceTree = "<group>"; };
		5C0AF59B1BD08C4000AC8ECE /* MemeCollectionViewController.swift */ = {isa = PBXFileReference; fileEncoding = 4; lastKnownFileType = sourcecode.swift; path = MemeCollectionViewController.swift; sourceTree = "<group>"; };
		5C0AF59F1BD1B3B200AC8ECE /* MemeCollectionViewCell.swift */ = {isa = PBXFileReference; fileEncoding = 4; lastKnownFileType = sourcecode.swift; path = MemeCollectionViewCell.swift; sourceTree = "<group>"; };
		5CB15C501B85A19F001B2795 /* Meme.swift */ = {isa = PBXFileReference; fileEncoding = 4; lastKnownFileType = sourcecode.swift; path = Meme.swift; sourceTree = "<group>"; };
/* End PBXFileReference section */

/* Begin PBXFrameworksBuildPhase section */
		5C0081001B8517C400C2AB6B /* Frameworks */ = {
			isa = PBXFrameworksBuildPhase;
			buildActionMask = 2147483647;
			files = (
			);
			runOnlyForDeploymentPostprocessing = 0;
		};
		5C0081151B8517C400C2AB6B /* Frameworks */ = {
			isa = PBXFrameworksBuildPhase;
			buildActionMask = 2147483647;
			files = (
			);
			runOnlyForDeploymentPostprocessing = 0;
		};
/* End PBXFrameworksBuildPhase section */

/* Begin PBXGroup section */
		5C0080FA1B8517C400C2AB6B = {
			isa = PBXGroup;
			children = (
				5C0081051B8517C400C2AB6B /* MemeMe */,
				5C00811B1B8517C400C2AB6B /* MemeMeTests */,
				5C0081041B8517C400C2AB6B /* Products */,
			);
			sourceTree = "<group>";
		};
		5C0081041B8517C400C2AB6B /* Products */ = {
			isa = PBXGroup;
			children = (
				5C0081031B8517C400C2AB6B /* MemeMe.app */,
				5C0081181B8517C400C2AB6B /* MemeMeTests.xctest */,
			);
			name = Products;
			sourceTree = "<group>";
		};
		5C0081051B8517C400C2AB6B /* MemeMe */ = {
			isa = PBXGroup;
			children = (
				5C0081081B8517C400C2AB6B /* AppDelegate.swift */,
				5C00810A1B8517C400C2AB6B /* MemeEditorViewController.swift */,
				5C0AF5971BD084EC00AC8ECE /* MemeTableViewController.swift */,
				5C0AF59B1BD08C4000AC8ECE /* MemeCollectionViewController.swift */,
				5C0AF59F1BD1B3B200AC8ECE /* MemeCollectionViewCell.swift */,
				5C0AF5991BD08C2100AC8ECE /* MemeViewController.swift */,
				5CB15C501B85A19F001B2795 /* Meme.swift */,
				5C00810C1B8517C400C2AB6B /* Main.storyboard */,
				5C00810F1B8517C400C2AB6B /* Images.xcassets */,
				5C0081111B8517C400C2AB6B /* LaunchScreen.xib */,
				5C0081061B8517C400C2AB6B /* Supporting Files */,
			);
			path = MemeMe;
			sourceTree = "<group>";
		};
		5C0081061B8517C400C2AB6B /* Supporting Files */ = {
			isa = PBXGroup;
			children = (
				5C0081071B8517C400C2AB6B /* Info.plist */,
			);
			name = "Supporting Files";
			sourceTree = "<group>";
		};
		5C00811B1B8517C400C2AB6B /* MemeMeTests */ = {
			isa = PBXGroup;
			children = (
				5C00811E1B8517C400C2AB6B /* MemeMeTests.swift */,
				5C00811C1B8517C400C2AB6B /* Supporting Files */,
			);
			path = MemeMeTests;
			sourceTree = "<group>";
		};
		5C00811C1B8517C400C2AB6B /* Supporting Files */ = {
			isa = PBXGroup;
			children = (
				5C00811D1B8517C400C2AB6B /* Info.plist */,
			);
			name = "Supporting Files";
			sourceTree = "<group>";
		};
/* End PBXGroup section */

/* Begin PBXNativeTarget section */
		5C0081021B8517C400C2AB6B /* MemeMe */ = {
			isa = PBXNativeTarget;
			buildConfigurationList = 5C0081221B8517C400C2AB6B /* Build configuration list for PBXNativeTarget "MemeMe" */;
			buildPhases = (
				5C0080FF1B8517C400C2AB6B /* Sources */,
				5C0081001B8517C400C2AB6B /* Frameworks */,
				5C0081011B8517C400C2AB6B /* Resources */,
			);
			buildRules = (
			);
			dependencies = (
			);
			name = MemeMe;
			productName = MemeMe;
			productReference = 5C0081031B8517C400C2AB6B /* MemeMe.app */;
			productType = "com.apple.product-type.application";
		};
		5C0081171B8517C400C2AB6B /* MemeMeTests */ = {
			isa = PBXNativeTarget;
			buildConfigurationList = 5C0081251B8517C400C2AB6B /* Build configuration list for PBXNativeTarget "MemeMeTests" */;
			buildPhases = (
				5C0081141B8517C400C2AB6B /* Sources */,
				5C0081151B8517C400C2AB6B /* Frameworks */,
				5C0081161B8517C400C2AB6B /* Resources */,
			);
			buildRules = (
			);
			dependencies = (
				5C00811A1B8517C400C2AB6B /* PBXTargetDependency */,
			);
			name = MemeMeTests;
			productName = MemeMeTests;
			productReference = 5C0081181B8517C400C2AB6B /* MemeMeTests.xctest */;
			productType = "com.apple.product-type.bundle.unit-test";
		};
/* End PBXNativeTarget section */

/* Begin PBXProject section */
		5C0080FB1B8517C400C2AB6B /* Project object */ = {
			isa = PBXProject;
			attributes = {
				LastSwiftUpdateCheck = 0700;
				LastUpgradeCheck = 0700;
				ORGANIZATIONNAME = Udacity;
				TargetAttributes = {
					5C0081021B8517C400C2AB6B = {
						CreatedOnToolsVersion = 6.4;
					};
					5C0081171B8517C400C2AB6B = {
						CreatedOnToolsVersion = 6.4;
						TestTargetID = 5C0081021B8517C400C2AB6B;
					};
				};
			};
			buildConfigurationList = 5C0080FE1B8517C400C2AB6B /* Build configuration list for PBXProject "MemeMe" */;
			compatibilityVersion = "Xcode 3.2";
			developmentRegion = English;
			hasScannedForEncodings = 0;
			knownRegions = (
				en,
				Base,
			);
			mainGroup = 5C0080FA1B8517C400C2AB6B;
			productRefGroup = 5C0081041B8517C400C2AB6B /* Products */;
			projectDirPath = "";
			projectRoot = "";
			targets = (
				5C0081021B8517C400C2AB6B /* MemeMe */,
				5C0081171B8517C400C2AB6B /* MemeMeTests */,
			);
		};
/* End PBXProject section */

/* Begin PBXResourcesBuildPhase section */
		5C0081011B8517C400C2AB6B /* Resources */ = {
			isa = PBXResourcesBuildPhase;
			buildActionMask = 2147483647;
			files = (
				5C00810E1B8517C400C2AB6B /* Main.storyboard in Resources */,
				5C0081131B8517C400C2AB6B /* LaunchScreen.xib in Resources */,
				5C0081101B8517C400C2AB6B /* Images.xcassets in Resources */,
			);
			runOnlyForDeploymentPostprocessing = 0;
		};
		5C0081161B8517C400C2AB6B /* Resources */ = {
			isa = PBXResourcesBuildPhase;
			buildActionMask = 2147483647;
			files = (
			);
			runOnlyForDeploymentPostprocessing = 0;
		};
/* End PBXResourcesBuildPhase section */

/* Begin PBXSourcesBuildPhase section */
		5C0080FF1B8517C400C2AB6B /* Sources */ = {
			isa = PBXSourcesBuildPhase;
			buildActionMask = 2147483647;
			files = (
				5CB15C511B85A19F001B2795 /* Meme.swift in Sources */,
				5C0AF59A1BD08C2100AC8ECE /* MemeViewController.swift in Sources */,
				5C00810B1B8517C400C2AB6B /* MemeEditorViewController.swift in Sources */,
				5C0081091B8517C400C2AB6B /* AppDelegate.swift in Sources */,
				5C0AF5A01BD1B3B200AC8ECE /* MemeCollectionViewCell.swift in Sources */,
				5C0AF59C1BD08C4000AC8ECE /* MemeCollectionViewController.swift in Sources */,
				5C0AF5981BD084EC00AC8ECE /* MemeTableViewController.swift in Sources */,
			);
			runOnlyForDeploymentPostprocessing = 0;
		};
		5C0081141B8517C400C2AB6B /* Sources */ = {
			isa = PBXSourcesBuildPhase;
			buildActionMask = 2147483647;
			files = (
				5C00811F1B8517C400C2AB6B /* MemeMeTests.swift in Sources */,
			);
			runOnlyForDeploymentPostprocessing = 0;
		};
/* End PBXSourcesBuildPhase section */

/* Begin PBXTargetDependency section */
		5C00811A1B8517C400C2AB6B /* PBXTargetDependency */ = {
			isa = PBXTargetDependency;
			target = 5C0081021B8517C400C2AB6B /* MemeMe */;
			targetProxy = 5C0081191B8517C400C2AB6B /* PBXContainerItemProxy */;
		};
/* End PBXTargetDependency section */

/* Begin PBXVariantGroup section */
		5C00810C1B8517C400C2AB6B /* Main.storyboard */ = {
			isa = PBXVariantGroup;
			children = (
				5C00810D1B8517C400C2AB6B /* Base */,
			);
			name = Main.storyboard;
			sourceTree = "<group>";
		};
		5C0081111B8517C400C2AB6B /* LaunchScreen.xib */ = {
			isa = PBXVariantGroup;
			children = (
				5C0081121B8517C400C2AB6B /* Base */,
			);
			name = LaunchScreen.xib;
			sourceTree = "<group>";
		};
/* End PBXVariantGroup section */

/* Begin XCBuildConfiguration section */
		5C0081201B8517C400C2AB6B /* Debug */ = {
			isa = XCBuildConfiguration;
			buildSettings = {
				ALWAYS_SEARCH_USER_PATHS = NO;
				CLANG_CXX_LANGUAGE_STANDARD = "gnu++0x";
				CLANG_CXX_LIBRARY = "libc++";
				CLANG_ENABLE_MODULES = YES;
				CLANG_ENABLE_OBJC_ARC = YES;
				CLANG_WARN_BOOL_CONVERSION = YES;
				CLANG_WARN_CONSTANT_CONVERSION = YES;
				CLANG_WARN_DIRECT_OBJC_ISA_USAGE = YES_ERROR;
				CLANG_WARN_EMPTY_BODY = YES;
				CLANG_WARN_ENUM_CONVERSION = YES;
				CLANG_WARN_INT_CONVERSION = YES;
				CLANG_WARN_OBJC_ROOT_CLASS = YES_ERROR;
				CLANG_WARN_UNREACHABLE_CODE = YES;
				CLANG_WARN__DUPLICATE_METHOD_MATCH = YES;
				"CODE_SIGN_IDENTITY[sdk=iphoneos*]" = "iPhone Developer";
				COPY_PHASE_STRIP = NO;
				DEBUG_INFORMATION_FORMAT = "dwarf-with-dsym";
				ENABLE_STRICT_OBJC_MSGSEND = YES;
				ENABLE_TESTABILITY = YES;
				GCC_C_LANGUAGE_STANDARD = gnu99;
				GCC_DYNAMIC_NO_PIC = NO;
				GCC_NO_COMMON_BLOCKS = YES;
				GCC_OPTIMIZATION_LEVEL = 0;
				GCC_PREPROCESSOR_DEFINITIONS = (
					"DEBUG=1",
					"$(inherited)",
				);
				GCC_SYMBOLS_PRIVATE_EXTERN = NO;
				GCC_WARN_64_TO_32_BIT_CONVERSION = YES;
				GCC_WARN_ABOUT_RETURN_TYPE = YES_ERROR;
				GCC_WARN_UNDECLARED_SELECTOR = YES;
				GCC_WARN_UNINITIALIZED_AUTOS = YES_AGGRESSIVE;
				GCC_WARN_UNUSED_FUNCTION = YES;
				GCC_WARN_UNUSED_VARIABLE = YES;
				IPHONEOS_DEPLOYMENT_TARGET = 8.4;
				MTL_ENABLE_DEBUG_INFO = YES;
				ONLY_ACTIVE_ARCH = YES;
				SDKROOT = iphoneos;
				SWIFT_OPTIMIZATION_LEVEL = "-Onone";
			};
			name = Debug;
		};
		5C0081211B8517C400C2AB6B /* Release */ = {
			isa = XCBuildConfiguration;
			buildSettings = {
				ALWAYS_SEARCH_USER_PATHS = NO;
				CLANG_CXX_LANGUAGE_STANDARD = "gnu++0x";
				CLANG_CXX_LIBRARY = "libc++";
				CLANG_ENABLE_MODULES = YES;
				CLANG_ENABLE_OBJC_ARC = YES;
				CLANG_WARN_BOOL_CONVERSION = YES;
				CLANG_WARN_CONSTANT_CONVERSION = YES;
				CLANG_WARN_DIRECT_OBJC_ISA_USAGE = YES_ERROR;
				CLANG_WARN_EMPTY_BODY = YES;
				CLANG_WARN_ENUM_CONVERSION = YES;
				CLANG_WARN_INT_CONVERSION = YES;
				CLANG_WARN_OBJC_ROOT_CLASS = YES_ERROR;
				CLANG_WARN_UNREACHABLE_CODE = YES;
				CLANG_WARN__DUPLICATE_METHOD_MATCH = YES;
				"CODE_SIGN_IDENTITY[sdk=iphoneos*]" = "iPhone Developer";
				COPY_PHASE_STRIP = NO;
				DEBUG_INFORMATION_FORMAT = "dwarf-with-dsym";
				ENABLE_NS_ASSERTIONS = NO;
				ENABLE_STRICT_OBJC_MSGSEND = YES;
				GCC_C_LANGUAGE_STANDARD = gnu99;
				GCC_NO_COMMON_BLOCKS = YES;
				GCC_WARN_64_TO_32_BIT_CONVERSION = YES;
				GCC_WARN_ABOUT_RETURN_TYPE = YES_ERROR;
				GCC_WARN_UNDECLARED_SELECTOR = YES;
				GCC_WARN_UNINITIALIZED_AUTOS = YES_AGGRESSIVE;
				GCC_WARN_UNUSED_FUNCTION = YES;
				GCC_WARN_UNUSED_VARIABLE = YES;
				IPHONEOS_DEPLOYMENT_TARGET = 8.4;
				MTL_ENABLE_DEBUG_INFO = NO;
				SDKROOT = iphoneos;
				VALIDATE_PRODUCT = YES;
			};
			name = Release;
		};
		5C0081231B8517C400C2AB6B /* Debug */ = {
			isa = XCBuildConfiguration;
			buildSettings = {
				ASSETCATALOG_COMPILER_APPICON_NAME = AppIcon;
				INFOPLIST_FILE = MemeMe/Info.plist;
				LD_RUNPATH_SEARCH_PATHS = "$(inherited) @executable_path/Frameworks";
				PRODUCT_BUNDLE_IDENTIFIER = "com.udacity.$(PRODUCT_NAME:rfc1034identifier)";
				PRODUCT_NAME = "$(TARGET_NAME)";
			};
			name = Debug;
		};
		5C0081241B8517C400C2AB6B /* Release */ = {
			isa = XCBuildConfiguration;
			buildSettings = {
				ASSETCATALOG_COMPILER_APPICON_NAME = AppIcon;
				INFOPLIST_FILE = MemeMe/Info.plist;
				LD_RUNPATH_SEARCH_PATHS = "$(inherited) @executable_path/Frameworks";
				PRODUCT_BUNDLE_IDENTIFIER = "com.udacity.$(PRODUCT_NAME:rfc1034identifier)";
				PRODUCT_NAME = "$(TARGET_NAME)";
			};
			name = Release;
		};
		5C0081261B8517C400C2AB6B /* Debug */ = {
			isa = XCBuildConfiguration;
			buildSettings = {
				BUNDLE_LOADER = "$(TEST_HOST)";
				FRAMEWORK_SEARCH_PATHS = (
					"$(SDKROOT)/Developer/Library/Frameworks",
					"$(inherited)",
				);
				GCC_PREPROCESSOR_DEFINITIONS = (
					"DEBUG=1",
					"$(inherited)",
				);
				INFOPLIST_FILE = MemeMeTests/Info.plist;
				LD_RUNPATH_SEARCH_PATHS = "$(inherited) @executable_path/Frameworks @loader_path/Frameworks";
				PRODUCT_BUNDLE_IDENTIFIER = "com.udacity.$(PRODUCT_NAME:rfc1034identifier)";
				PRODUCT_NAME = "$(TARGET_NAME)";
				TEST_HOST = "$(BUILT_PRODUCTS_DIR)/MemeMe.app/MemeMe";
			};
			name = Debug;
		};
		5C0081271B8517C400C2AB6B /* Release */ = {
			isa = XCBuildConfiguration;
			buildSettings = {
				BUNDLE_LOADER = "$(TEST_HOST)";
				FRAMEWORK_SEARCH_PATHS = (
					"$(SDKROOT)/Developer/Library/Frameworks",
					"$(inherited)",
				);
				INFOPLIST_FILE = MemeMeTests/Info.plist;
				LD_RUNPATH_SEARCH_PATHS = "$(inherited) @executable_path/Frameworks @loader_path/Frameworks";
				PRODUCT_BUNDLE_IDENTIFIER = "com.udacity.$(PRODUCT_NAME:rfc1034identifier)";
				PRODUCT_NAME = "$(TARGET_NAME)";
				TEST_HOST = "$(BUILT_PRODUCTS_DIR)/MemeMe.app/MemeMe";
			};
			name = Release;
		};
/* End XCBuildConfiguration section */

/* Begin XCConfigurationList section */
		5C0080FE1B8517C400C2AB6B /* Build configuration list for PBXProject "MemeMe" */ = {
			isa = XCConfigurationList;
			buildConfigurations = (
				5C0081201B8517C400C2AB6B /* Debug */,
				5C0081211B8517C400C2AB6B /* Release */,
			);
			defaultConfigurationIsVisible = 0;
			defaultConfigurationName = Release;
		};
		5C0081221B8517C400C2AB6B /* Build configuration list for PBXNativeTarget "MemeMe" */ = {
			isa = XCConfigurationList;
			buildConfigurations = (
				5C0081231B8517C400C2AB6B /* Debug */,
				5C0081241B8517C400C2AB6B /* Release */,
			);
			defaultConfigurationIsVisible = 0;
			defaultConfigurationName = Release;
		};
		5C0081251B8517C400C2AB6B /* Build configuration list for PBXNativeTarget "MemeMeTests" */ = {
			isa = XCConfigurationList;
			buildConfigurations = (
				5C0081261B8517C400C2AB6B /* Debug */,
				5C0081271B8517C400C2AB6B /* Release */,
			);
			defaultConfigurationIsVisible = 0;
			defaultConfigurationName = Release;
		};
/* End XCConfigurationList section */
	};
	rootObject = 5C0080FB1B8517C400C2AB6B /* Project object */;
}
